
Microsoft Visual Studio Solution File, Format Version 12.00
# Visual Studio 15
VisualStudioVersion = 15.0.27130.2010
MinimumVisualStudioVersion = 10.0.40219.1
Project("{FAE04EC0-301F-11D3-BF4B-00C04F79EFBC}") = "Morgage Calculator", "FinancePrograms\Morgage Calculator.csproj", "{C0A443B0-EED2-4AB1-98EE-3D01EFF64E52}"
EndProject
Project("{FAE04EC0-301F-11D3-BF4B-00C04F79EFBC}") = "CompoundInterest", "CompoundInterest\CompoundInterest.csproj", "{D21737D4-9F6B-4277-A390-9FBEC52B6D7C}"
EndProject
Global
	GlobalSection(SolutionConfigurationPlatforms) = preSolution
		Debug|Any CPU = Debug|Any CPU
		Release|Any CPU = Release|Any CPU
	EndGlobalSection
	GlobalSection(ProjectConfigurationPlatforms) = postSolution
		{C0A443B0-EED2-4AB1-98EE-3D01EFF64E52}.Debug|Any CPU.ActiveCfg = Debug|Any CPU
		{C0A443B0-EED2-4AB1-98EE-3D01EFF64E52}.Debug|Any CPU.Build.0 = Debug|Any CPU
		{C0A443B0-EED2-4AB1-98EE-3D01EFF64E52}.Release|Any CPU.ActiveCfg = Release|Any CPU
		{C0A443B0-EED2-4AB1-98EE-3D01EFF64E52}.Release|Any CPU.Build.0 = Release|Any CPU
		{D21737D4-9F6B-4277-A390-9FBEC52B6D7C}.Debug|Any CPU.ActiveCfg = Debug|Any CPU
		{D21737D4-9F6B-4277-A390-9FBEC52B6D7C}.Debug|Any CPU.Build.0 = Debug|Any CPU
		{D21737D4-9F6B-4277-A390-9FBEC52B6D7C}.Release|Any CPU.ActiveCfg = Release|Any CPU
		{D21737D4-9F6B-4277-A390-9FBEC52B6D7C}.Release|Any CPU.Build.0 = Release|Any CPU
	EndGlobalSection
	GlobalSection(SolutionProperties) = preSolution
		HideSolutionNode = FALSE
	EndGlobalSection
	GlobalSection(ExtensibilityGlobals) = postSolution
		SolutionGuid = {01398FAC-D61F-4A08-92E5-A30A2599F6C5}
	EndGlobalSection
EndGlobal
